{
  "name": "rules-engine-poc",
  "version": "1.0.0",
  "lockfileVersion": 3,
  "requires": true,
  "packages": {
    "": {
      "name": "rules-engine-poc",
      "version": "1.0.0",
      "license": "ISC",
      "dependencies": {
        "@gorules/zen-engine": "^0.27.0",
        "json-rules-engine": "^6.5.0"
      },
      "devDependencies": {
        "@types/node": "^20.12.7",
        "typescript": "^5.4.5"
      }
    },
    "node_modules/@gorules/zen-engine": {
      "version": "0.27.0",
      "resolved": "https://registry.npmjs.org/@gorules/zen-engine/-/zen-engine-0.27.0.tgz",
      "integrity": "sha512-nv2mrOEuKgdOPcRu48hvqdQaRD81SjnuxifEGDqLegh54i90G85YiDPIRZVFAbMpaqn+vZKrRbkIq36YEwD+bw==",
      "engines": {
        "node": ">= 14"
      },
      "optionalDependencies": {
        "@gorules/zen-engine-darwin-arm64": "0.27.0",
        "@gorules/zen-engine-darwin-x64": "0.27.0",
        "@gorules/zen-engine-linux-arm64-gnu": "0.27.0",
        "@gorules/zen-engine-linux-x64-gnu": "0.27.0",
        "@gorules/zen-engine-win32-x64-msvc": "0.27.0"
      }
    },
    "node_modules/@gorules/zen-engine-darwin-arm64": {
      "version": "0.27.0",
      "resolved": "https://registry.npmjs.org/@gorules/zen-engine-darwin-arm64/-/zen-engine-darwin-arm64-0.27.0.tgz",
      "integrity": "sha512-R0DGPSdLQ0hg8v/HSlzAnCXnKoqeleJW2aB/5zN8D7qKufFIUIlulnpxLojEYrBDror+NeRNpkXssHYZ0+njvQ==",
      "cpu": [
        "arm64"
      ],
      "optional": true,
      "os": [
        "darwin"
      ],
      "engines": {
        "node": ">= 14"
      }
    },
    "node_modules/@gorules/zen-engine-darwin-x64": {
      "version": "0.27.0",
      "resolved": "https://registry.npmjs.org/@gorules/zen-engine-darwin-x64/-/zen-engine-darwin-x64-0.27.0.tgz",
      "integrity": "sha512-Cfp8JxixR67isSv964HXs6IFmE0VUMrzRaRyzndIoFXwEJLoBwUGPml4CvnbbUaFBu5RNmiwaUVN5JdLuNbzsw==",
      "cpu": [
        "x64"
      ],
      "optional": true,
      "os": [
        "darwin"
      ],
      "engines": {
        "node": ">= 14"
      }
    },
    "node_modules/@gorules/zen-engine-linux-arm64-gnu": {
      "version": "0.27.0",
      "resolved": "https://registry.npmjs.org/@gorules/zen-engine-linux-arm64-gnu/-/zen-engine-linux-arm64-gnu-0.27.0.tgz",
      "integrity": "sha512-xgF0MbKA/xK4IXkG74RX6T9l00PviP29dGOXcR+2kRf9LamUzDUfa8MsRLYfONyf6uGpYSL3R0YQkVxasKugeg==",
      "cpu": [
        "arm64"
      ],
      "optional": true,
      "os": [
        "linux"
      ],
      "engines": {
        "node": ">= 14"
      }
    },
    "node_modules/@gorules/zen-engine-linux-x64-gnu": {
      "version": "0.27.0",
      "resolved": "https://registry.npmjs.org/@gorules/zen-engine-linux-x64-gnu/-/zen-engine-linux-x64-gnu-0.27.0.tgz",
      "integrity": "sha512-oc7KZtewTuk/h5pm6frK4onTi+tLi+A966d0NSMjJoG3whuBmYJSz1bf1AQpaYKzUtyzbUo+tZ+9g2uVqEwbuQ==",
      "cpu": [
        "x64"
      ],
      "optional": true,
      "os": [
        "linux"
      ],
      "engines": {
        "node": ">= 14"
      }
    },
    "node_modules/@gorules/zen-engine-win32-x64-msvc": {
      "version": "0.27.0",
      "resolved": "https://registry.npmjs.org/@gorules/zen-engine-win32-x64-msvc/-/zen-engine-win32-x64-msvc-0.27.0.tgz",
      "integrity": "sha512-oPfNjuJNRkQrzkj1xuEMxNE0/qiY22EWy827om6d8cr9edMojcVHHHsDZar7tl9bR+HEKLwWGEx5IVXJe16+mw==",
      "cpu": [
        "x64"
      ],
      "optional": true,
      "os": [
        "win32"
      ],
      "engines": {
        "node": ">= 14"
      }
    },
    "node_modules/@types/node": {
      "version": "20.12.7",
      "resolved": "https://registry.npmjs.org/@types/node/-/node-20.12.7.tgz",
      "integrity": "sha512-wq0cICSkRLVaf3UGLMGItu/PtdY7oaXaI/RVU+xliKVOtRna3PRY57ZDfztpDL0n11vfymMUnXv8QwYCO7L1wg==",
      "dev": true,
      "dependencies": {
        "undici-types": "~5.26.4"
      }
    },
    "node_modules/clone": {
      "version": "2.1.2",
      "resolved": "https://registry.npmjs.org/clone/-/clone-2.1.2.tgz",
      "integrity": "sha512-3Pe/CF1Nn94hyhIYpjtiLhdCoEoz0DqQ+988E9gmeEdQZlojxnOb74wctFyuwWQHzqyf9X7C7MG8juUpqBJT8w==",
      "engines": {
        "node": ">=0.8"
      }
    },
    "node_modules/eventemitter2": {
      "version": "6.4.9",
      "resolved": "https://registry.npmjs.org/eventemitter2/-/eventemitter2-6.4.9.tgz",
      "integrity": "sha512-JEPTiaOt9f04oa6NOkc4aH+nVp5I3wEjpHbIPqfgCdD5v5bUzy7xQqwcVO2aDQgOWhI28da57HksMrzK9HlRxg=="
    },
    "node_modules/hash-it": {
      "version": "6.0.0",
      "resolved": "https://registry.npmjs.org/hash-it/-/hash-it-6.0.0.tgz",
      "integrity": "sha512-KHzmSFx1KwyMPw0kXeeUD752q/Kfbzhy6dAZrjXV9kAIXGqzGvv8vhkUqj+2MGZldTo0IBpw6v7iWE7uxsvH0w=="
    },
    "node_modules/json-rules-engine": {
      "version": "6.5.0",
      "resolved": "https://registry.npmjs.org/json-rules-engine/-/json-rules-engine-6.5.0.tgz",
      "integrity": "sha512-W8SLmnfQRDNG1Nh3Agz3c9AZzhiZ/cUtjAhyfhujFzVFNBv7cSHm9WaLoRjOdRr/9je7RgLtmbYXFViL3CekPA==",
      "dependencies": {
        "clone": "^2.1.2",
        "eventemitter2": "^6.4.4",
        "hash-it": "^6.0.0",
        "jsonpath-plus": "^7.2.0",
        "lodash.isobjectlike": "^4.0.0"
      }
    },
    "node_modules/jsonpath-plus": {
      "version": "7.2.0",
      "resolved": "https://registry.npmjs.org/jsonpath-plus/-/jsonpath-plus-7.2.0.tgz",
      "integrity": "sha512-zBfiUPM5nD0YZSBT/o/fbCUlCcepMIdP0CJZxM1+KgA4f2T206f6VAg9e7mX35+KlMaIc5qXW34f3BnwJ3w+RA==",
      "engines": {
        "node": ">=12.0.0"
      }
    },
    "node_modules/lodash.isobjectlike": {
      "version": "4.0.0",
      "resolved": "https://registry.npmjs.org/lodash.isobjectlike/-/lodash.isobjectlike-4.0.0.tgz",
      "integrity": "sha512-bbRt0Dief0yqjkTgpvzisSxnsmY3ZgVJvokHL30UE+ytsvnpNfiNaCJL4XBEWek8koQmrwZidBHb7coXC5vXlA=="
    },
    "node_modules/typescript": {
      "version": "5.4.5",
      "resolved": "https://registry.npmjs.org/typescript/-/typescript-5.4.5.tgz",
      "integrity": "sha512-vcI4UpRgg81oIRUFwR0WSIHKt11nJ7SAVlYNIu+QpqeyXP+gpQJy/Z4+F0aGxSE4MqwjyXvW/TzgkLAx2AGHwQ==",
      "dev": true,
      "bin": {
        "tsc": "bin/tsc",
        "tsserver": "bin/tsserver"
      },
      "engines": {
        "node": ">=14.17"
      }
    },
    "node_modules/undici-types": {
      "version": "5.26.5",
      "resolved": "https://registry.npmjs.org/undici-types/-/undici-types-5.26.5.tgz",
      "integrity": "sha512-JlCMO+ehdEIKqlFxk6IfVoAUVmgz7cU7zD/h9XZ0qzeosSHmUJVOzSQvvYSYWXkFXC+IfLKSIffhv0sVZup6pA==",
      "dev": true
    }
  }
}
